
Microsoft Visual Studio Solution File, Format Version 12.00
# Visual Studio Version 16
VisualStudioVersion = 16.0.31313.79
MinimumVisualStudioVersion = 10.0.40219.1
Project("{FAE04EC0-301F-11D3-BF4B-00C04F79EFBC}") = "eProject", "eProject\eProject.csproj", "{5707DA43-7455-47B6-BDE9-C6A65B044AB2}"
EndProject
Global
	GlobalSection(SolutionConfigurationPlatforms) = preSolution
		Debug|Any CPU = Debug|Any CPU
		Release|Any CPU = Release|Any CPU
	EndGlobalSection
	GlobalSection(ProjectConfigurationPlatforms) = postSolution
		{5707DA43-7455-47B6-BDE9-C6A65B044AB2}.Debug|Any CPU.ActiveCfg = Debug|Any CPU
		{5707DA43-7455-47B6-BDE9-C6A65B044AB2}.Debug|Any CPU.Build.0 = Debug|Any CPU
		{5707DA43-7455-47B6-BDE9-C6A65B044AB2}.Release|Any CPU.ActiveCfg = Release|Any CPU
		{5707DA43-7455-47B6-BDE9-C6A65B044AB2}.Release|Any CPU.Build.0 = Release|Any CPU
	EndGlobalSection
	GlobalSection(SolutionProperties) = preSolution
		HideSolutionNode = FALSE
	EndGlobalSection
	GlobalSection(ExtensibilityGlobals) = postSolution
		SolutionGuid = {34CECBC4-5998-44C1-9392-6A8392AC9C91}
	EndGlobalSection
EndGlobal
